
Microsoft Visual Studio Solution File, Format Version 12.00
# Visual Studio Version 17
VisualStudioVersion = 17.6.33815.320
MinimumVisualStudioVersion = 10.0.40219.1
Project("{FAE04EC0-301F-11D3-BF4B-00C04F79EFBC}") = "Sentencia_de_salto_break_y_continue_udy", "Sentencia_de_salto_break_y_continue_udy\Sentencia_de_salto_break_y_continue_udy.csproj", "{143F51D4-75BD-4B2E-80F9-1D82B8D51BFC}"
EndProject
Global
	GlobalSection(SolutionConfigurationPlatforms) = preSolution
		Debug|Any CPU = Debug|Any CPU
		Release|Any CPU = Release|Any CPU
	EndGlobalSection
	GlobalSection(ProjectConfigurationPlatforms) = postSolution
		{143F51D4-75BD-4B2E-80F9-1D82B8D51BFC}.Debug|Any CPU.ActiveCfg = Debug|Any CPU
		{143F51D4-75BD-4B2E-80F9-1D82B8D51BFC}.Debug|Any CPU.Build.0 = Debug|Any CPU
		{143F51D4-75BD-4B2E-80F9-1D82B8D51BFC}.Release|Any CPU.ActiveCfg = Release|Any CPU
		{143F51D4-75BD-4B2E-80F9-1D82B8D51BFC}.Release|Any CPU.Build.0 = Release|Any CPU
	EndGlobalSection
	GlobalSection(SolutionProperties) = preSolution
		HideSolutionNode = FALSE
	EndGlobalSection
	GlobalSection(ExtensibilityGlobals) = postSolution
		SolutionGuid = {F9F44670-F1CD-403F-B49E-B80BBC182B57}
	EndGlobalSection
EndGlobal
